
Microsoft Visual Studio Solution File, Format Version 12.00
# Visual Studio Version 16
VisualStudioVersion = 16.0.30011.22
MinimumVisualStudioVersion = 10.0.40219.1
Project("{FAE04EC0-301F-11D3-BF4B-00C04F79EFBC}") = "libvoikko", "libvoikko\libvoikko.csproj", "{23063968-7427-4AD9-B068-C437E8B97449}"
EndProject
Project("{FAE04EC0-301F-11D3-BF4B-00C04F79EFBC}") = "VoikkoSharp", "VoikkoSharp\VoikkoSharp.csproj", "{074F20C8-5181-4478-ACCE-8F23811E472F}"
EndProject
Project("{FAE04EC0-301F-11D3-BF4B-00C04F79EFBC}") = "VoikkoSharpTestApp", "VoikkoSharpTestApp\VoikkoSharpTestApp.csproj", "{77113AFD-3BA5-4019-AF9D-BB0903BB49ED}"
EndProject
Global
	GlobalSection(SolutionConfigurationPlatforms) = preSolution
		Debug|Any CPU = Debug|Any CPU
		Release|Any CPU = Release|Any CPU
	EndGlobalSection
	GlobalSection(ProjectConfigurationPlatforms) = postSolution
		{23063968-7427-4AD9-B068-C437E8B97449}.Debug|Any CPU.ActiveCfg = Debug|Any CPU
		{23063968-7427-4AD9-B068-C437E8B97449}.Debug|Any CPU.Build.0 = Debug|Any CPU
		{23063968-7427-4AD9-B068-C437E8B97449}.Release|Any CPU.ActiveCfg = Release|Any CPU
		{23063968-7427-4AD9-B068-C437E8B97449}.Release|Any CPU.Build.0 = Release|Any CPU
		{074F20C8-5181-4478-ACCE-8F23811E472F}.Debug|Any CPU.ActiveCfg = Debug|Any CPU
		{074F20C8-5181-4478-ACCE-8F23811E472F}.Debug|Any CPU.Build.0 = Debug|Any CPU
		{074F20C8-5181-4478-ACCE-8F23811E472F}.Release|Any CPU.ActiveCfg = Release|Any CPU
		{074F20C8-5181-4478-ACCE-8F23811E472F}.Release|Any CPU.Build.0 = Release|Any CPU
		{77113AFD-3BA5-4019-AF9D-BB0903BB49ED}.Debug|Any CPU.ActiveCfg = Debug|Any CPU
		{77113AFD-3BA5-4019-AF9D-BB0903BB49ED}.Debug|Any CPU.Build.0 = Debug|Any CPU
		{77113AFD-3BA5-4019-AF9D-BB0903BB49ED}.Release|Any CPU.ActiveCfg = Release|Any CPU
		{77113AFD-3BA5-4019-AF9D-BB0903BB49ED}.Release|Any CPU.Build.0 = Release|Any CPU
	EndGlobalSection
	GlobalSection(SolutionProperties) = preSolution
		HideSolutionNode = FALSE
	EndGlobalSection
	GlobalSection(ExtensibilityGlobals) = postSolution
		SolutionGuid = {FBB543D8-5380-44BD-BE08-F1FC17FA4361}
	EndGlobalSection
EndGlobal
